
Microsoft Visual Studio Solution File, Format Version 12.00
# Visual Studio Version 17
VisualStudioVersion = 17.10.35027.167
MinimumVisualStudioVersion = 10.0.40219.1
Project("{FAE04EC0-301F-11D3-BF4B-00C04F79EFBC}") = "Yesdude.Rotate", "Yesdude.Rotate\Yesdude.Rotate.csproj", "{9599CBC8-79AF-4EDD-AE82-7EB6A07AD0B8}"
EndProject
Global
	GlobalSection(SolutionConfigurationPlatforms) = preSolution
		Debug|Any CPU = Debug|Any CPU
		Release|Any CPU = Release|Any CPU
	EndGlobalSection
	GlobalSection(ProjectConfigurationPlatforms) = postSolution
		{9599CBC8-79AF-4EDD-AE82-7EB6A07AD0B8}.Debug|Any CPU.ActiveCfg = Debug|Any CPU
		{9599CBC8-79AF-4EDD-AE82-7EB6A07AD0B8}.Debug|Any CPU.Build.0 = Debug|Any CPU
		{9599CBC8-79AF-4EDD-AE82-7EB6A07AD0B8}.Release|Any CPU.ActiveCfg = Release|Any CPU
		{9599CBC8-79AF-4EDD-AE82-7EB6A07AD0B8}.Release|Any CPU.Build.0 = Release|Any CPU
	EndGlobalSection
	GlobalSection(SolutionProperties) = preSolution
		HideSolutionNode = FALSE
	EndGlobalSection
	GlobalSection(ExtensibilityGlobals) = postSolution
		SolutionGuid = {1CEF72C1-C675-4205-842B-027FA23C74D4}
	EndGlobalSection
EndGlobal
